
Microsoft Visual Studio Solution File, Format Version 12.00
# Visual Studio Version 16
VisualStudioVersion = 16.0.29020.237
MinimumVisualStudioVersion = 10.0.40219.1
Project("{FAE04EC0-301F-11D3-BF4B-00C04F79EFBC}") = "FizzBuzz.Tests", "FizzBuzz.Tests\FizzBuzz.Tests.csproj", "{CC414217-01E0-4E62-8181-761051FDDC6B}"
EndProject
Global
	GlobalSection(SolutionConfigurationPlatforms) = preSolution
		Debug|Any CPU = Debug|Any CPU
		Release|Any CPU = Release|Any CPU
	EndGlobalSection
	GlobalSection(ProjectConfigurationPlatforms) = postSolution
		{CC414217-01E0-4E62-8181-761051FDDC6B}.Debug|Any CPU.ActiveCfg = Debug|Any CPU
		{CC414217-01E0-4E62-8181-761051FDDC6B}.Debug|Any CPU.Build.0 = Debug|Any CPU
		{CC414217-01E0-4E62-8181-761051FDDC6B}.Release|Any CPU.ActiveCfg = Release|Any CPU
		{CC414217-01E0-4E62-8181-761051FDDC6B}.Release|Any CPU.Build.0 = Release|Any CPU
	EndGlobalSection
	GlobalSection(SolutionProperties) = preSolution
		HideSolutionNode = FALSE
	EndGlobalSection
	GlobalSection(ExtensibilityGlobals) = postSolution
		SolutionGuid = {2F19897D-0BE4-4498-B988-EC106F171CD0}
	EndGlobalSection
EndGlobal
